// !$*UTF8*$!
{
	archiveVersion = 1;
	classes = {
	};
	objectVersion = 50;
	objects = {

/* Begin PBXBuildFile section */
		D2D885ED236C6F7400CAE6DD /* AppDelegate.swift in Sources */ = {isa = PBXBuildFile; fileRef = D2D885EC236C6F7400CAE6DD /* AppDelegate.swift */; };
		D2D885EF236C6F7400CAE6DD /* SceneDelegate.swift in Sources */ = {isa = PBXBuildFile; fileRef = D2D885EE236C6F7400CAE6DD /* SceneDelegate.swift */; };
		D2D885F3236C6F7600CAE6DD /* Assets.xcassets in Resources */ = {isa = PBXBuildFile; fileRef = D2D885F2236C6F7600CAE6DD /* Assets.xcassets */; };
		D2D885F6236C6F7600CAE6DD /* Preview Assets.xcassets in Resources */ = {isa = PBXBuildFile; fileRef = D2D885F5236C6F7600CAE6DD /* Preview Assets.xcassets */; };
		D2D885F9236C6F7600CAE6DD /* LaunchScreen.storyboard in Resources */ = {isa = PBXBuildFile; fileRef = D2D885F7236C6F7600CAE6DD /* LaunchScreen.storyboard */; };
		D2D88602236C706E00CAE6DD /* MainView.swift in Sources */ = {isa = PBXBuildFile; fileRef = D2D88601236C706E00CAE6DD /* MainView.swift */; };
		D2D88606236C70D500CAE6DD /* ImagePicker.swift in Sources */ = {isa = PBXBuildFile; fileRef = D2D88605236C70D500CAE6DD /* ImagePicker.swift */; };
		D2ED287F236E319900FA1782 /* IBMWatson.mlmodel in Sources */ = {isa = PBXBuildFile; fileRef = D2ED287C236E319900FA1782 /* IBMWatson.mlmodel */; };
		D2ED2880236E319900FA1782 /* TuriCreate.mlmodel in Sources */ = {isa = PBXBuildFile; fileRef = D2ED287D236E319900FA1782 /* TuriCreate.mlmodel */; };
		D2ED2881236E319900FA1782 /* AzureCustomVision.mlmodel in Sources */ = {isa = PBXBuildFile; fileRef = D2ED287E236E319900FA1782 /* AzureCustomVision.mlmodel */; };
		D2ED2884236E320900FA1782 /* Detector.swift in Sources */ = {isa = PBXBuildFile; fileRef = D2ED2883236E320900FA1782 /* Detector.swift */; };
		D2ED2886236E341100FA1782 /* ActivityIndicator.swift in Sources */ = {isa = PBXBuildFile; fileRef = D2ED2885236E341100FA1782 /* ActivityIndicator.swift */; };
		D2ED289223705E8100FA1782 /* CreateML.mlmodel in Sources */ = {isa = PBXBuildFile; fileRef = D2ED289123705E8100FA1782 /* CreateML.mlmodel */; };
/* End PBXBuildFile section */

/* Begin PBXFileReference section */
		D2D885E9236C6F7400CAE6DD /* Avengers.app */ = {isa = PBXFileReference; explicitFileType = wrapper.application; includeInIndex = 0; path = Avengers.app; sourceTree = BUILT_PRODUCTS_DIR; };
		D2D885EC236C6F7400CAE6DD /* AppDelegate.swift */ = {isa = PBXFileReference; lastKnownFileType = sourcecode.swift; path = AppDelegate.swift; sourceTree = "<group>"; };
		D2D885EE236C6F7400CAE6DD /* SceneDelegate.swift */ = {isa = PBXFileReference; lastKnownFileType = sourcecode.swift; path = SceneDelegate.swift; sourceTree = "<group>"; };
		D2D885F2236C6F7600CAE6DD /* Assets.xcassets */ = {isa = PBXFileReference; lastKnownFileType = folder.assetcatalog; path = Assets.xcassets; sourceTree = "<group>"; };
		D2D885F5236C6F7600CAE6DD /* Preview Assets.xcassets */ = {isa = PBXFileReference; lastKnownFileType = folder.assetcatalog; path = "Preview Assets.xcassets"; sourceTree = "<group>"; };
		D2D885F8236C6F7600CAE6DD /* Base */ = {isa = PBXFileReference; lastKnownFileType = file.storyboard; name = Base; path = Base.lproj/LaunchScreen.storyboard; sourceTree = "<group>"; };
		D2D885FA236C6F7600CAE6DD /* Info.plist */ = {isa = PBXFileReference; lastKnownFileType = text.plist.xml; path = Info.plist; sourceTree = "<group>"; };
		D2D88601236C706E00CAE6DD /* MainView.swift */ = {isa = PBXFileReference; fileEncoding = 4; lastKnownFileType = sourcecode.swift; path = MainView.swift; sourceTree = "<group>"; };
		D2D88605236C70D500CAE6DD /* ImagePicker.swift */ = {isa = PBXFileReference; lastKnownFileType = sourcecode.swift; path = ImagePicker.swift; sourceTree = "<group>"; };
		D2ED287C236E319900FA1782 /* IBMWatson.mlmodel */ = {isa = PBXFileReference; lastKnownFileType = file.mlmodel; name = IBMWatson.mlmodel; path = model/IBMWatson.mlmodel; sourceTree = SOURCE_ROOT; };
		D2ED287D236E319900FA1782 /* TuriCreate.mlmodel */ = {isa = PBXFileReference; lastKnownFileType = file.mlmodel; name = TuriCreate.mlmodel; path = model/TuriCreate.mlmodel; sourceTree = SOURCE_ROOT; };
		D2ED287E236E319900FA1782 /* AzureCustomVision.mlmodel */ = {isa = PBXFileReference; lastKnownFileType = file.mlmodel; name = AzureCustomVision.mlmodel; path = model/AzureCustomVision.mlmodel; sourceTree = SOURCE_ROOT; };
		D2ED2883236E320900FA1782 /* Detector.swift */ = {isa = PBXFileReference; lastKnownFileType = sourcecode.swift; path = Detector.swift; sourceTree = "<group>"; };
		D2ED2885236E341100FA1782 /* ActivityIndicator.swift */ = {isa = PBXFileReference; lastKnownFileType = sourcecode.swift; path = ActivityIndicator.swift; sourceTree = "<group>"; };
		D2ED289123705E8100FA1782 /* CreateML.mlmodel */ = {isa = PBXFileReference; lastKnownFileType = file.mlmodel; name = CreateML.mlmodel; path = CreateML/CreateML.mlmodel; sourceTree = SOURCE_ROOT; };
/* End PBXFileReference section */

/* Begin PBXFrameworksBuildPhase section */
		D2D885E6236C6F7400CAE6DD /* Frameworks */ = {
			isa = PBXFrameworksBuildPhase;
			buildActionMask = 2147483647;
			files = (
			);
			runOnlyForDeploymentPostprocessing = 0;
		};
/* End PBXFrameworksBuildPhase section */

/* Begin PBXGroup section */
		D2D885E0236C6F7400CAE6DD = {
			isa = PBXGroup;
			children = (
				D2D885EB236C6F7400CAE6DD /* Avengers */,
				D2D885EA236C6F7400CAE6DD /* Products */,
			);
			sourceTree = "<group>";
		};
		D2D885EA236C6F7400CAE6DD /* Products */ = {
			isa = PBXGroup;
			children = (
				D2D885E9236C6F7400CAE6DD /* Avengers.app */,
			);
			name = Products;
			sourceTree = "<group>";
		};
		D2D885EB236C6F7400CAE6DD /* Avengers */ = {
			isa = PBXGroup;
			children = (
				D2D88603236C70C400CAE6DD /* Library */,
				D2D88600236C700400CAE6DD /* Features */,
				D2D885EC236C6F7400CAE6DD /* AppDelegate.swift */,
				D2D885EE236C6F7400CAE6DD /* SceneDelegate.swift */,
				D2D885F2236C6F7600CAE6DD /* Assets.xcassets */,
				D2D885F7236C6F7600CAE6DD /* LaunchScreen.storyboard */,
				D2D885FA236C6F7600CAE6DD /* Info.plist */,
				D2D885F4236C6F7600CAE6DD /* Preview Content */,
			);
			path = Avengers;
			sourceTree = "<group>";
		};
		D2D885F4236C6F7600CAE6DD /* Preview Content */ = {
			isa = PBXGroup;
			children = (
				D2D885F5236C6F7600CAE6DD /* Preview Assets.xcassets */,
			);
			path = "Preview Content";
			sourceTree = "<group>";
		};
		D2D88600236C700400CAE6DD /* Features */ = {
			isa = PBXGroup;
			children = (
				D2D88601236C706E00CAE6DD /* MainView.swift */,
			);
			path = Features;
			sourceTree = "<group>";
		};
		D2D88603236C70C400CAE6DD /* Library */ = {
			isa = PBXGroup;
			children = (
				D2ED2882236E31FD00FA1782 /* Detect */,
				D2ED287B236E318800FA1782 /* CoreMLModel */,
				D2D88604236C70C900CAE6DD /* Views */,
			);
			path = Library;
			sourceTree = "<group>";
		};
		D2D88604236C70C900CAE6DD /* Views */ = {
			isa = PBXGroup;
			children = (
				D2D88605236C70D500CAE6DD /* ImagePicker.swift */,
				D2ED2885236E341100FA1782 /* ActivityIndicator.swift */,
			);
			path = Views;
			sourceTree = "<group>";
		};
		D2ED287B236E318800FA1782 /* CoreMLModel */ = {
			isa = PBXGroup;
			children = (
				D2ED289123705E8100FA1782 /* CreateML.mlmodel */,
				D2ED287E236E319900FA1782 /* AzureCustomVision.mlmodel */,
				D2ED287C236E319900FA1782 /* IBMWatson.mlmodel */,
				D2ED287D236E319900FA1782 /* TuriCreate.mlmodel */,
			);
			path = CoreMLModel;
			sourceTree = "<group>";
		};
		D2ED2882236E31FD00FA1782 /* Detect */ = {
			isa = PBXGroup;
			children = (
				D2ED2883236E320900FA1782 /* Detector.swift */,
			);
			path = Detect;
			sourceTree = "<group>";
		};
/* End PBXGroup section */

/* Begin PBXNativeTarget section */
		D2D885E8236C6F7400CAE6DD /* Avengers */ = {
			isa = PBXNativeTarget;
			buildConfigurationList = D2D885FD236C6F7600CAE6DD /* Build configuration list for PBXNativeTarget "Avengers" */;
			buildPhases = (
				D2D885E5236C6F7400CAE6DD /* Sources */,
				D2D885E6236C6F7400CAE6DD /* Frameworks */,
				D2D885E7236C6F7400CAE6DD /* Resources */,
			);
			buildRules = (
			);
			dependencies = (
			);
			name = Avengers;
			productName = Avengers;
			productReference = D2D885E9236C6F7400CAE6DD /* Avengers.app */;
			productType = "com.apple.product-type.application";
		};
/* End PBXNativeTarget section */

/* Begin PBXProject section */
		D2D885E1236C6F7400CAE6DD /* Project object */ = {
			isa = PBXProject;
			attributes = {
				LastSwiftUpdateCheck = 1100;
				LastUpgradeCheck = 1100;
				ORGANIZATIONNAME = "Khoa Pham";
				TargetAttributes = {
					D2D885E8236C6F7400CAE6DD = {
						CreatedOnToolsVersion = 11.0;
					};
				};
			};
			buildConfigurationList = D2D885E4236C6F7400CAE6DD /* Build configuration list for PBXProject "Avengers" */;
			compatibilityVersion = "Xcode 9.3";
			developmentRegion = en;
			hasScannedForEncodings = 0;
			knownRegions = (
				en,
				Base,
			);
			mainGroup = D2D885E0236C6F7400CAE6DD;
			productRefGroup = D2D885EA236C6F7400CAE6DD /* Products */;
			projectDirPath = "";
			projectRoot = "";
			targets = (
				D2D885E8236C6F7400CAE6DD /* Avengers */,
			);
		};
/* End PBXProject section */

/* Begin PBXResourcesBuildPhase section */
		D2D885E7236C6F7400CAE6DD /* Resources */ = {
			isa = PBXResourcesBuildPhase;
			buildActionMask = 2147483647;
			files = (
				D2D885F9236C6F7600CAE6DD /* LaunchScreen.storyboard in Resources */,
				D2D885F6236C6F7600CAE6DD /* Preview Assets.xcassets in Resources */,
				D2D885F3236C6F7600CAE6DD /* Assets.xcassets in Resources */,
			);
			runOnlyForDeploymentPostprocessing = 0;
		};
/* End PBXResourcesBuildPhase section */

/* Begin PBXSourcesBuildPhase section */
		D2D885E5236C6F7400CAE6DD /* Sources */ = {
			isa = PBXSourcesBuildPhase;
			buildActionMask = 2147483647;
			files = (
				D2ED2881236E319900FA1782 /* AzureCustomVision.mlmodel in Sources */,
				D2D885ED236C6F7400CAE6DD /* AppDelegate.swift in Sources */,
				D2D88606236C70D500CAE6DD /* ImagePicker.swift in Sources */,
				D2ED2884236E320900FA1782 /* Detector.swift in Sources */,
				D2ED287F236E319900FA1782 /* IBMWatson.mlmodel in Sources */,
				D2D88602236C706E00CAE6DD /* MainView.swift in Sources */,
				D2ED2880236E319900FA1782 /* TuriCreate.mlmodel in Sources */,
				D2ED2886236E341100FA1782 /* ActivityIndicator.swift in Sources */,
				D2D885EF236C6F7400CAE6DD /* SceneDelegate.swift in Sources */,
				D2ED289223705E8100FA1782 /* CreateML.mlmodel in Sources */,
			);
			runOnlyForDeploymentPostprocessing = 0;
		};
/* End PBXSourcesBuildPhase section */

/* Begin PBXVariantGroup section */
		D2D885F7236C6F7600CAE6DD /* LaunchScreen.storyboard */ = {
			isa = PBXVariantGroup;
			children = (
				D2D885F8236C6F7600CAE6DD /* Base */,
			);
			name = LaunchScreen.storyboard;
			sourceTree = "<group>";
		};
/* End PBXVariantGroup section */

/* Begin XCBuildConfiguration section */
		D2D885FB236C6F7600CAE6DD /* Debug */ = {
			isa = XCBuildConfiguration;
			buildSettings = {
				ALWAYS_SEARCH_USER_PATHS = NO;
				CLANG_ANALYZER_NONNULL = YES;
				CLANG_ANALYZER_NUMBER_OBJECT_CONVERSION = YES_AGGRESSIVE;
				CLANG_CXX_LANGUAGE_STANDARD = "gnu++14";
				CLANG_CXX_LIBRARY = "libc++";
				CLANG_ENABLE_MODULES = YES;
				CLANG_ENABLE_OBJC_ARC = YES;
				CLANG_ENABLE_OBJC_WEAK = YES;
				CLANG_WARN_BLOCK_CAPTURE_AUTORELEASING = YES;
				CLANG_WARN_BOOL_CONVERSION = YES;
				CLANG_WARN_COMMA = YES;
				CLANG_WARN_CONSTANT_CONVERSION = YES;
				CLANG_WARN_DEPRECATED_OBJC_IMPLEMENTATIONS = YES;
				CLANG_WARN_DIRECT_OBJC_ISA_USAGE = YES_ERROR;
				CLANG_WARN_DOCUMENTATION_COMMENTS = YES;
				CLANG_WARN_EMPTY_BODY = YES;
				CLANG_WARN_ENUM_CONVERSION = YES;
				CLANG_WARN_INFINITE_RECURSION = YES;
				CLANG_WARN_INT_CONVERSION = YES;
				CLANG_WARN_NON_LITERAL_NULL_CONVERSION = YES;
				CLANG_WARN_OBJC_IMPLICIT_RETAIN_SELF = YES;
				CLANG_WARN_OBJC_LITERAL_CONVERSION = YES;
				CLANG_WARN_OBJC_ROOT_CLASS = YES_ERROR;
				CLANG_WARN_RANGE_LOOP_ANALYSIS = YES;
				CLANG_WARN_STRICT_PROTOTYPES = YES;
				CLANG_WARN_SUSPICIOUS_MOVE = YES;
				CLANG_WARN_UNGUARDED_AVAILABILITY = YES_AGGRESSIVE;
				CLANG_WARN_UNREACHABLE_CODE = YES;
				CLANG_WARN__DUPLICATE_METHOD_MATCH = YES;
				COPY_PHASE_STRIP = NO;
				DEBUG_INFORMATION_FORMAT = dwarf;
				ENABLE_STRICT_OBJC_MSGSEND = YES;
				ENABLE_TESTABILITY = YES;
				GCC_C_LANGUAGE_STANDARD = gnu11;
				GCC_DYNAMIC_NO_PIC = NO;
				GCC_NO_COMMON_BLOCKS = YES;
				GCC_OPTIMIZATION_LEVEL = 0;
				GCC_PREPROCESSOR_DEFINITIONS = (
					"DEBUG=1",
					"$(inherited)",
				);
				GCC_WARN_64_TO_32_BIT_CONVERSION = YES;
				GCC_WARN_ABOUT_RETURN_TYPE = YES_ERROR;
				GCC_WARN_UNDECLARED_SELECTOR = YES;
				GCC_WARN_UNINITIALIZED_AUTOS = YES_AGGRESSIVE;
				GCC_WARN_UNUSED_FUNCTION = YES;
				GCC_WARN_UNUSED_VARIABLE = YES;
				IPHONEOS_DEPLOYMENT_TARGET = 13.0;
				MTL_ENABLE_DEBUG_INFO = INCLUDE_SOURCE;
				MTL_FAST_MATH = YES;
				ONLY_ACTIVE_ARCH = YES;
				SDKROOT = iphoneos;
				SWIFT_ACTIVE_COMPILATION_CONDITIONS = DEBUG;
				SWIFT_OPTIMIZATION_LEVEL = "-Onone";
			};
			name = Debug;
		};
		D2D885FC236C6F7600CAE6DD /* Release */ = {
			isa = XCBuildConfiguration;
			buildSettings = {
				ALWAYS_SEARCH_USER_PATHS = NO;
				CLANG_ANALYZER_NONNULL = YES;
				CLANG_ANALYZER_NUMBER_OBJECT_CONVERSION = YES_AGGRESSIVE;
				CLANG_CXX_LANGUAGE_STANDARD = "gnu++14";
				CLANG_CXX_LIBRARY = "libc++";
				CLANG_ENABLE_MODULES = YES;
				CLANG_ENABLE_OBJC_ARC = YES;
				CLANG_ENABLE_OBJC_WEAK = YES;
				CLANG_WARN_BLOCK_CAPTURE_AUTORELEASING = YES;
				CLANG_WARN_BOOL_CONVERSION = YES;
				CLANG_WARN_COMMA = YES;
				CLANG_WARN_CONSTANT_CONVERSION = YES;
				CLANG_WARN_DEPRECATED_OBJC_IMPLEMENTATIONS = YES;
				CLANG_WARN_DIRECT_OBJC_ISA_USAGE = YES_ERROR;
				CLANG_WARN_DOCUMENTATION_COMMENTS = YES;
				CLANG_WARN_EMPTY_BODY = YES;
				CLANG_WARN_ENUM_CONVERSION = YES;
				CLANG_WARN_INFINITE_RECURSION = YES;
				CLANG_WARN_INT_CONVERSION = YES;
				CLANG_WARN_NON_LITERAL_NULL_CONVERSION = YES;
				CLANG_WARN_OBJC_IMPLICIT_RETAIN_SELF = YES;
				CLANG_WARN_OBJC_LITERAL_CONVERSION = YES;
				CLANG_WARN_OBJC_ROOT_CLASS = YES_ERROR;
				CLANG_WARN_RANGE_LOOP_ANALYSIS = YES;
				CLANG_WARN_STRICT_PROTOTYPES = YES;
				CLANG_WARN_SUSPICIOUS_MOVE = YES;
				CLANG_WARN_UNGUARDED_AVAILABILITY = YES_AGGRESSIVE;
				CLANG_WARN_UNREACHABLE_CODE = YES;
				CLANG_WARN__DUPLICATE_METHOD_MATCH = YES;
				COPY_PHASE_STRIP = NO;
				DEBUG_INFORMATION_FORMAT = "dwarf-with-dsym";
				ENABLE_NS_ASSERTIONS = NO;
				ENABLE_STRICT_OBJC_MSGSEND = YES;
				GCC_C_LANGUAGE_STANDARD = gnu11;
				GCC_NO_COMMON_BLOCKS = YES;
				GCC_WARN_64_TO_32_BIT_CONVERSION = YES;
				GCC_WARN_ABOUT_RETURN_TYPE = YES_ERROR;
				GCC_WARN_UNDECLARED_SELECTOR = YES;
				GCC_WARN_UNINITIALIZED_AUTOS = YES_AGGRESSIVE;
				GCC_WARN_UNUSED_FUNCTION = YES;
				GCC_WARN_UNUSED_VARIABLE = YES;
				IPHONEOS_DEPLOYMENT_TARGET = 13.0;
				MTL_ENABLE_DEBUG_INFO = NO;
				MTL_FAST_MATH = YES;
				SDKROOT = iphoneos;
				SWIFT_COMPILATION_MODE = wholemodule;
				SWIFT_OPTIMIZATION_LEVEL = "-O";
				VALIDATE_PRODUCT = YES;
			};
			name = Release;
		};
		D2D885FE236C6F7600CAE6DD /* Debug */ = {
			isa = XCBuildConfiguration;
			buildSettings = {
				ASSETCATALOG_COMPILER_APPICON_NAME = AppIcon;
				CODE_SIGN_STYLE = Automatic;
				DEVELOPMENT_ASSET_PATHS = "\"Avengers/Preview Content\"";
				DEVELOPMENT_TEAM = T78DK947F2;
				ENABLE_PREVIEWS = YES;
				INFOPLIST_FILE = Avengers/Info.plist;
				LD_RUNPATH_SEARCH_PATHS = (
					"$(inherited)",
					"@executable_path/Frameworks",
				);
				PRODUCT_BUNDLE_IDENTIFIER = com.onmyway133.Avengers;
				PRODUCT_NAME = "$(TARGET_NAME)";
				SWIFT_VERSION = 5.0;
				TARGETED_DEVICE_FAMILY = "1,2";
			};
			name = Debug;
		};
		D2D885FF236C6F7600CAE6DD /* Release */ = {
			isa = XCBuildConfiguration;
			buildSettings = {
				ASSETCATALOG_COMPILER_APPICON_NAME = AppIcon;
				CODE_SIGN_STYLE = Automatic;
				DEVELOPMENT_ASSET_PATHS = "\"Avengers/Preview Content\"";
				DEVELOPMENT_TEAM = T78DK947F2;
				ENABLE_PREVIEWS = YES;
				INFOPLIST_FILE = Avengers/Info.plist;
				LD_RUNPATH_SEARCH_PATHS = (
					"$(inherited)",
					"@executable_path/Frameworks",
				);
				PRODUCT_BUNDLE_IDENTIFIER = com.onmyway133.Avengers;
				PRODUCT_NAME = "$(TARGET_NAME)";
				SWIFT_VERSION = 5.0;
				TARGETED_DEVICE_FAMILY = "1,2";
			};
			name = Release;
		};
/* End XCBuildConfiguration section */

/* Begin XCConfigurationList section */
		D2D885E4236C6F7400CAE6DD /* Build configuration list for PBXProject "Avengers" */ = {
			isa = XCConfigurationList;
			buildConfigurations = (
				D2D885FB236C6F7600CAE6DD /* Debug */,
				D2D885FC236C6F7600CAE6DD /* Release */,
			);
			defaultConfigurationIsVisible = 0;
			defaultConfigurationName = Release;
		};
		D2D885FD236C6F7600CAE6DD /* Build configuration list for PBXNativeTarget "Avengers" */ = {
			isa = XCConfigurationList;
			buildConfigurations = (
				D2D885FE236C6F7600CAE6DD /* Debug */,
				D2D885FF236C6F7600CAE6DD /* Release */,
			);
			defaultConfigurationIsVisible = 0;
			defaultConfigurationName = Release;
		};
/* End XCConfigurationList section */
	};
	rootObject = D2D885E1236C6F7400CAE6DD /* Project object */;
}
